
Microsoft Visual Studio Solution File, Format Version 12.00
# Visual Studio Version 17
VisualStudioVersion = 17.3.32811.315
MinimumVisualStudioVersion = 10.0.40219.1
Project("{FAE04EC0-301F-11D3-BF4B-00C04F79EFBC}") = "Day_30CabInvoiceGenerator", "Day_30CabInvoiceGenerator.csproj", "{26C7C9F5-3513-4832-B158-154CC5A80B47}"
EndProject
Project("{FAE04EC0-301F-11D3-BF4B-00C04F79EFBC}") = "CabInvoiceGeneratorTest", "..\CabInvoiceTest\CabInvoiceGeneratorTest.csproj", "{42AFE45D-9EF0-4A43-95AE-408654FA46D1}"
EndProject
Global
	GlobalSection(SolutionConfigurationPlatforms) = preSolution
		Debug|Any CPU = Debug|Any CPU
		Release|Any CPU = Release|Any CPU
	EndGlobalSection
	GlobalSection(ProjectConfigurationPlatforms) = postSolution
		{26C7C9F5-3513-4832-B158-154CC5A80B47}.Debug|Any CPU.ActiveCfg = Debug|Any CPU
		{26C7C9F5-3513-4832-B158-154CC5A80B47}.Debug|Any CPU.Build.0 = Debug|Any CPU
		{26C7C9F5-3513-4832-B158-154CC5A80B47}.Release|Any CPU.ActiveCfg = Release|Any CPU
		{26C7C9F5-3513-4832-B158-154CC5A80B47}.Release|Any CPU.Build.0 = Release|Any CPU
		{42AFE45D-9EF0-4A43-95AE-408654FA46D1}.Debug|Any CPU.ActiveCfg = Debug|Any CPU
		{42AFE45D-9EF0-4A43-95AE-408654FA46D1}.Debug|Any CPU.Build.0 = Debug|Any CPU
		{42AFE45D-9EF0-4A43-95AE-408654FA46D1}.Release|Any CPU.ActiveCfg = Release|Any CPU
		{42AFE45D-9EF0-4A43-95AE-408654FA46D1}.Release|Any CPU.Build.0 = Release|Any CPU
	EndGlobalSection
	GlobalSection(SolutionProperties) = preSolution
		HideSolutionNode = FALSE
	EndGlobalSection
	GlobalSection(ExtensibilityGlobals) = postSolution
		SolutionGuid = {D6253FDB-9935-439E-93C1-4C8984AE91C5}
	EndGlobalSection
EndGlobal
